NeoBundleLock ag.vim 4a0dd6e190f446e5a016b44fdaa2feafc582918e
NeoBundleLock ctrlp-funky 85286a18f59e38e7eb53f9575cb843f24c5e1a21
NeoBundleLock ctrlp.vim bde7a2950adaa82e894d7bdf69e3e7383e40d229
NeoBundleLock indentLine 439348543c9ffe2c5c4469a6e8f005f67bf73cc1
NeoBundleLock lightline.vim 6f84195f109d3e7f7ecb5e4a9ae8c5d3009259ac
NeoBundleLock molokai c67bdfcdb31415aa0ade7f8c003261700a885476
NeoBundleLock neobundle.vim 26d03781886ed887e390d4ad8b935987754b1c2c
NeoBundleLock neocomplete.vim 46791e7692e07384a089d125c5c536246698d04c
NeoBundleLock neosnippet b674417b429e57eccf5a64d8ec4d2fdf1f1ec5cc
NeoBundleLock neosnippet-snippets 8dbb78599984140c50418d3dd23d0de4c8f13e74
NeoBundleLock syntastic 88dd65673a8dc37a3533f1a20643b8ac00311770
NeoBundleLock syntastic-local-eslint.vim 5d6a68121c0d2e2727122a0f10b6b01f40666c10
NeoBundleLock vim-ctrlp-commandline ac3ea874c0d472b2813292dc8e9f06ce08f9c0ed
NeoBundleLock vim-trailing-whitespace 4c596548216b7c19971f8fc94e38ef1a2b55fee6
